
Microsoft Visual Studio Solution File, Format Version 12.00
# Visual Studio 14
VisualStudioVersion = 14.0.25420.1
MinimumVisualStudioVersion = 10.0.40219.1
Project("{8BC9CEB8-8B4A-11D0-8D11-00A0C91BC942}") = "mutex_cases", "mutex_cases\mutex_cases.vcxproj", "{13C85307-4243-455E-BA92-DE74B7FAACCD}"
EndProject
Global
	GlobalSection(SolutionConfigurationPlatforms) = preSolution
		Debug|x64 = Debug|x64
		Debug|x86 = Debug|x86
		Release|x64 = Release|x64
		Release|x86 = Release|x86
	EndGlobalSection
	GlobalSection(ProjectConfigurationPlatforms) = postSolution
		{13C85307-4243-455E-BA92-DE74B7FAACCD}.Debug|x64.ActiveCfg = Debug|x64
		{13C85307-4243-455E-BA92-DE74B7FAACCD}.Debug|x64.Build.0 = Debug|x64
		{13C85307-4243-455E-BA92-DE74B7FAACCD}.Debug|x86.ActiveCfg = Debug|Win32
		{13C85307-4243-455E-BA92-DE74B7FAACCD}.Debug|x86.Build.0 = Debug|Win32
		{13C85307-4243-455E-BA92-DE74B7FAACCD}.Release|x64.ActiveCfg = Release|x64
		{13C85307-4243-455E-BA92-DE74B7FAACCD}.Release|x64.Build.0 = Release|x64
		{13C85307-4243-455E-BA92-DE74B7FAACCD}.Release|x86.ActiveCfg = Release|Win32
		{13C85307-4243-455E-BA92-DE74B7FAACCD}.Release|x86.Build.0 = Release|Win32
	EndGlobalSection
	GlobalSection(SolutionProperties) = preSolution
		HideSolutionNode = FALSE
	EndGlobalSection
EndGlobal
